
Microsoft Visual Studio Solution File, Format Version 12.00
# Visual Studio Version 17
VisualStudioVersion = 17.11.35219.272
MinimumVisualStudioVersion = 10.0.40219.1
Project("{FAE04EC0-301F-11D3-BF4B-00C04F79EFBC}") = "TodoBlazorTailwind", "TodoBlazorTailwind\TodoBlazorTailwind.csproj", "{19567E63-C6C9-4481-B948-5E3763712F5B}"
EndProject
Global
	GlobalSection(SolutionConfigurationPlatforms) = preSolution
		Debug|Any CPU = Debug|Any CPU
		Release|Any CPU = Release|Any CPU
	EndGlobalSection
	GlobalSection(ProjectConfigurationPlatforms) = postSolution
		{19567E63-C6C9-4481-B948-5E3763712F5B}.Debug|Any CPU.ActiveCfg = Debug|Any CPU
		{19567E63-C6C9-4481-B948-5E3763712F5B}.Debug|Any CPU.Build.0 = Debug|Any CPU
		{19567E63-C6C9-4481-B948-5E3763712F5B}.Release|Any CPU.ActiveCfg = Release|Any CPU
		{19567E63-C6C9-4481-B948-5E3763712F5B}.Release|Any CPU.Build.0 = Release|Any CPU
	EndGlobalSection
	GlobalSection(SolutionProperties) = preSolution
		HideSolutionNode = FALSE
	EndGlobalSection
	GlobalSection(ExtensibilityGlobals) = postSolution
		SolutionGuid = {7000E7A2-908E-4F1F-8444-4963D8EB791C}
	EndGlobalSection
EndGlobal
